
Microsoft Visual Studio Solution File, Format Version 12.00
# Visual Studio Version 17
VisualStudioVersion = 17.10.35027.167
MinimumVisualStudioVersion = 10.0.40219.1
Project("{FAE04EC0-301F-11D3-BF4B-00C04F79EFBC}") = "E-shop", "E-shop.csproj", "{FC828B22-596E-4EDF-9AAF-A4B7EC366D24}"
EndProject
Global
	GlobalSection(SolutionConfigurationPlatforms) = preSolution
		Debug|Any CPU = Debug|Any CPU
		Release|Any CPU = Release|Any CPU
	EndGlobalSection
	GlobalSection(ProjectConfigurationPlatforms) = postSolution
		{FC828B22-596E-4EDF-9AAF-A4B7EC366D24}.Debug|Any CPU.ActiveCfg = Debug|Any CPU
		{FC828B22-596E-4EDF-9AAF-A4B7EC366D24}.Debug|Any CPU.Build.0 = Debug|Any CPU
		{FC828B22-596E-4EDF-9AAF-A4B7EC366D24}.Release|Any CPU.ActiveCfg = Release|Any CPU
		{FC828B22-596E-4EDF-9AAF-A4B7EC366D24}.Release|Any CPU.Build.0 = Release|Any CPU
	EndGlobalSection
	GlobalSection(SolutionProperties) = preSolution
		HideSolutionNode = FALSE
	EndGlobalSection
	GlobalSection(ExtensibilityGlobals) = postSolution
		SolutionGuid = {D3D8D965-72F1-4624-B81F-EC4F9B26E82F}
	EndGlobalSection
EndGlobal
